// !$*UTF8*$!
{
	archiveVersion = 1;
	classes = {
	};
	objectVersion = 56;
	objects = {

/* Begin PBXBuildFile section */
		FF9C13FC2A8E82C500F8FC92 /* PlanYourDayApp.swift in Sources */ = {isa = PBXBuildFile; fileRef = FF9C13FB2A8E82C500F8FC92 /* PlanYourDayApp.swift */; };
		FF9C14002A8E82C600F8FC92 /* Assets.xcassets in Resources */ = {isa = PBXBuildFile; fileRef = FF9C13FF2A8E82C600F8FC92 /* Assets.xcassets */; };
		FF9C14032A8E82C600F8FC92 /* Preview Assets.xcassets in Resources */ = {isa = PBXBuildFile; fileRef = FF9C14022A8E82C600F8FC92 /* Preview Assets.xcassets */; };
		FF9C140B2A8E835500F8FC92 /* ListView.swift in Sources */ = {isa = PBXBuildFile; fileRef = FF9C140A2A8E835500F8FC92 /* ListView.swift */; };
		FF9C140D2A8E838800F8FC92 /* ListRowView.swift in Sources */ = {isa = PBXBuildFile; fileRef = FF9C140C2A8E838800F8FC92 /* ListRowView.swift */; };
		FF9C140F2A8E83B900F8FC92 /* AddView.swift in Sources */ = {isa = PBXBuildFile; fileRef = FF9C140E2A8E83B900F8FC92 /* AddView.swift */; };
		FF9C14132A8E843F00F8FC92 /* ItemModel.swift in Sources */ = {isa = PBXBuildFile; fileRef = FF9C14122A8E843F00F8FC92 /* ItemModel.swift */; };
		FF9C14162A8E84DD00F8FC92 /* ListViewModel.swift in Sources */ = {isa = PBXBuildFile; fileRef = FF9C14152A8E84DD00F8FC92 /* ListViewModel.swift */; };
		FF9C141A2A8E8B7400F8FC92 /* NoItemsView.swift in Sources */ = {isa = PBXBuildFile; fileRef = FF9C14192A8E8B7400F8FC92 /* NoItemsView.swift */; };
/* End PBXBuildFile section */

/* Begin PBXFileReference section */
		FF9C13F82A8E82C500F8FC92 /* PlanYourDay.app */ = {isa = PBXFileReference; explicitFileType = wrapper.application; includeInIndex = 0; path = PlanYourDay.app; sourceTree = BUILT_PRODUCTS_DIR; };
		FF9C13FB2A8E82C500F8FC92 /* PlanYourDayApp.swift */ = {isa = PBXFileReference; lastKnownFileType = sourcecode.swift; path = PlanYourDayApp.swift; sourceTree = "<group>"; };
		FF9C13FF2A8E82C600F8FC92 /* Assets.xcassets */ = {isa = PBXFileReference; lastKnownFileType = folder.assetcatalog; path = Assets.xcassets; sourceTree = "<group>"; };
		FF9C14022A8E82C600F8FC92 /* Preview Assets.xcassets */ = {isa = PBXFileReference; lastKnownFileType = folder.assetcatalog; path = "Preview Assets.xcassets"; sourceTree = "<group>"; };
		FF9C140A2A8E835500F8FC92 /* ListView.swift */ = {isa = PBXFileReference; lastKnownFileType = sourcecode.swift; path = ListView.swift; sourceTree = "<group>"; };
		FF9C140C2A8E838800F8FC92 /* ListRowView.swift */ = {isa = PBXFileReference; lastKnownFileType = sourcecode.swift; path = ListRowView.swift; sourceTree = "<group>"; };
		FF9C140E2A8E83B900F8FC92 /* AddView.swift */ = {isa = PBXFileReference; lastKnownFileType = sourcecode.swift; path = AddView.swift; sourceTree = "<group>"; };
		FF9C14122A8E843F00F8FC92 /* ItemModel.swift */ = {isa = PBXFileReference; lastKnownFileType = sourcecode.swift; path = ItemModel.swift; sourceTree = "<group>"; };
		FF9C14152A8E84DD00F8FC92 /* ListViewModel.swift */ = {isa = PBXFileReference; lastKnownFileType = sourcecode.swift; path = ListViewModel.swift; sourceTree = "<group>"; };
		FF9C14192A8E8B7400F8FC92 /* NoItemsView.swift */ = {isa = PBXFileReference; lastKnownFileType = sourcecode.swift; path = NoItemsView.swift; sourceTree = "<group>"; };
/* End PBXFileReference section */

/* Begin PBXFrameworksBuildPhase section */
		FF9C13F52A8E82C500F8FC92 /* Frameworks */ = {
			isa = PBXFrameworksBuildPhase;
			buildActionMask = 2147483647;
			files = (
			);
			runOnlyForDeploymentPostprocessing = 0;
		};
/* End PBXFrameworksBuildPhase section */

/* Begin PBXGroup section */
		FF9C13EF2A8E82C500F8FC92 = {
			isa = PBXGroup;
			children = (
				FF9C13FA2A8E82C500F8FC92 /* PlanYourDay */,
				FF9C13F92A8E82C500F8FC92 /* Products */,
			);
			sourceTree = "<group>";
		};
		FF9C13F92A8E82C500F8FC92 /* Products */ = {
			isa = PBXGroup;
			children = (
				FF9C13F82A8E82C500F8FC92 /* PlanYourDay.app */,
			);
			name = Products;
			sourceTree = "<group>";
		};
		FF9C13FA2A8E82C500F8FC92 /* PlanYourDay */ = {
			isa = PBXGroup;
			children = (
				FF9C14112A8E840F00F8FC92 /* Models */,
				FF9C14142A8E849200F8FC92 /* ViewModels */,
				FF9C14092A8E82E300F8FC92 /* Views */,
				FF9C13FB2A8E82C500F8FC92 /* PlanYourDayApp.swift */,
				FF9C13FF2A8E82C600F8FC92 /* Assets.xcassets */,
				FF9C14012A8E82C600F8FC92 /* Preview Content */,
			);
			path = PlanYourDay;
			sourceTree = "<group>";
		};
		FF9C14012A8E82C600F8FC92 /* Preview Content */ = {
			isa = PBXGroup;
			children = (
				FF9C14022A8E82C600F8FC92 /* Preview Assets.xcassets */,
			);
			path = "Preview Content";
			sourceTree = "<group>";
		};
		FF9C14092A8E82E300F8FC92 /* Views */ = {
			isa = PBXGroup;
			children = (
				FF9C140A2A8E835500F8FC92 /* ListView.swift */,
				FF9C140C2A8E838800F8FC92 /* ListRowView.swift */,
				FF9C140E2A8E83B900F8FC92 /* AddView.swift */,
				FF9C14192A8E8B7400F8FC92 /* NoItemsView.swift */,
			);
			path = Views;
			sourceTree = "<group>";
		};
		FF9C14112A8E840F00F8FC92 /* Models */ = {
			isa = PBXGroup;
			children = (
				FF9C14122A8E843F00F8FC92 /* ItemModel.swift */,
			);
			path = Models;
			sourceTree = "<group>";
		};
		FF9C14142A8E849200F8FC92 /* ViewModels */ = {
			isa = PBXGroup;
			children = (
				FF9C14152A8E84DD00F8FC92 /* ListViewModel.swift */,
			);
			path = ViewModels;
			sourceTree = "<group>";
		};
/* End PBXGroup section */

/* Begin PBXNativeTarget section */
		FF9C13F72A8E82C500F8FC92 /* PlanYourDay */ = {
			isa = PBXNativeTarget;
			buildConfigurationList = FF9C14062A8E82C600F8FC92 /* Build configuration list for PBXNativeTarget "PlanYourDay" */;
			buildPhases = (
				FF9C13F42A8E82C500F8FC92 /* Sources */,
				FF9C13F52A8E82C500F8FC92 /* Frameworks */,
				FF9C13F62A8E82C500F8FC92 /* Resources */,
			);
			buildRules = (
			);
			dependencies = (
			);
			name = PlanYourDay;
			productName = PlanYourDay;
			productReference = FF9C13F82A8E82C500F8FC92 /* PlanYourDay.app */;
			productType = "com.apple.product-type.application";
		};
/* End PBXNativeTarget section */

/* Begin PBXProject section */
		FF9C13F02A8E82C500F8FC92 /* Project object */ = {
			isa = PBXProject;
			attributes = {
				BuildIndependentTargetsInParallel = 1;
				LastSwiftUpdateCheck = 1430;
				LastUpgradeCheck = 1430;
				TargetAttributes = {
					FF9C13F72A8E82C500F8FC92 = {
						CreatedOnToolsVersion = 14.3.1;
					};
				};
			};
			buildConfigurationList = FF9C13F32A8E82C500F8FC92 /* Build configuration list for PBXProject "PlanYourDay" */;
			compatibilityVersion = "Xcode 14.0";
			developmentRegion = en;
			hasScannedForEncodings = 0;
			knownRegions = (
				en,
				Base,
			);
			mainGroup = FF9C13EF2A8E82C500F8FC92;
			productRefGroup = FF9C13F92A8E82C500F8FC92 /* Products */;
			projectDirPath = "";
			projectRoot = "";
			targets = (
				FF9C13F72A8E82C500F8FC92 /* PlanYourDay */,
			);
		};
/* End PBXProject section */

/* Begin PBXResourcesBuildPhase section */
		FF9C13F62A8E82C500F8FC92 /* Resources */ = {
			isa = PBXResourcesBuildPhase;
			buildActionMask = 2147483647;
			files = (
				FF9C14032A8E82C600F8FC92 /* Preview Assets.xcassets in Resources */,
				FF9C14002A8E82C600F8FC92 /* Assets.xcassets in Resources */,
			);
			runOnlyForDeploymentPostprocessing = 0;
		};
/* End PBXResourcesBuildPhase section */

/* Begin PBXSourcesBuildPhase section */
		FF9C13F42A8E82C500F8FC92 /* Sources */ = {
			isa = PBXSourcesBuildPhase;
			buildActionMask = 2147483647;
			files = (
				FF9C14132A8E843F00F8FC92 /* ItemModel.swift in Sources */,
				FF9C140F2A8E83B900F8FC92 /* AddView.swift in Sources */,
				FF9C14162A8E84DD00F8FC92 /* ListViewModel.swift in Sources */,
				FF9C140B2A8E835500F8FC92 /* ListView.swift in Sources */,
				FF9C13FC2A8E82C500F8FC92 /* PlanYourDayApp.swift in Sources */,
				FF9C141A2A8E8B7400F8FC92 /* NoItemsView.swift in Sources */,
				FF9C140D2A8E838800F8FC92 /* ListRowView.swift in Sources */,
			);
			runOnlyForDeploymentPostprocessing = 0;
		};
/* End PBXSourcesBuildPhase section */

/* Begin XCBuildConfiguration section */
		FF9C14042A8E82C600F8FC92 /* Debug */ = {
			isa = XCBuildConfiguration;
			buildSettings = {
				ALWAYS_SEARCH_USER_PATHS = NO;
				CLANG_ANALYZER_NONNULL = YES;
				CLANG_ANALYZER_NUMBER_OBJECT_CONVERSION = YES_AGGRESSIVE;
				CLANG_CXX_LANGUAGE_STANDARD = "gnu++20";
				CLANG_ENABLE_MODULES = YES;
				CLANG_ENABLE_OBJC_ARC = YES;
				CLANG_ENABLE_OBJC_WEAK = YES;
				CLANG_WARN_BLOCK_CAPTURE_AUTORELEASING = YES;
				CLANG_WARN_BOOL_CONVERSION = YES;
				CLANG_WARN_COMMA = YES;
				CLANG_WARN_CONSTANT_CONVERSION = YES;
				CLANG_WARN_DEPRECATED_OBJC_IMPLEMENTATIONS = YES;
				CLANG_WARN_DIRECT_OBJC_ISA_USAGE = YES_ERROR;
				CLANG_WARN_DOCUMENTATION_COMMENTS = YES;
				CLANG_WARN_EMPTY_BODY = YES;
				CLANG_WARN_ENUM_CONVERSION = YES;
				CLANG_WARN_INFINITE_RECURSION = YES;
				CLANG_WARN_INT_CONVERSION = YES;
				CLANG_WARN_NON_LITERAL_NULL_CONVERSION = YES;
				CLANG_WARN_OBJC_IMPLICIT_RETAIN_SELF = YES;
				CLANG_WARN_OBJC_LITERAL_CONVERSION = YES;
				CLANG_WARN_OBJC_ROOT_CLASS = YES_ERROR;
				CLANG_WARN_QUOTED_INCLUDE_IN_FRAMEWORK_HEADER = YES;
				CLANG_WARN_RANGE_LOOP_ANALYSIS = YES;
				CLANG_WARN_STRICT_PROTOTYPES = YES;
				CLANG_WARN_SUSPICIOUS_MOVE = YES;
				CLANG_WARN_UNGUARDED_AVAILABILITY = YES_AGGRESSIVE;
				CLANG_WARN_UNREACHABLE_CODE = YES;
				CLANG_WARN__DUPLICATE_METHOD_MATCH = YES;
				COPY_PHASE_STRIP = NO;
				DEBUG_INFORMATION_FORMAT = dwarf;
				ENABLE_STRICT_OBJC_MSGSEND = YES;
				ENABLE_TESTABILITY = YES;
				GCC_C_LANGUAGE_STANDARD = gnu11;
				GCC_DYNAMIC_NO_PIC = NO;
				GCC_NO_COMMON_BLOCKS = YES;
				GCC_OPTIMIZATION_LEVEL = 0;
				GCC_PREPROCESSOR_DEFINITIONS = (
					"DEBUG=1",
					"$(inherited)",
				);
				GCC_WARN_64_TO_32_BIT_CONVERSION = YES;
				GCC_WARN_ABOUT_RETURN_TYPE = YES_ERROR;
				GCC_WARN_UNDECLARED_SELECTOR = YES;
				GCC_WARN_UNINITIALIZED_AUTOS = YES_AGGRESSIVE;
				GCC_WARN_UNUSED_FUNCTION = YES;
				GCC_WARN_UNUSED_VARIABLE = YES;
				IPHONEOS_DEPLOYMENT_TARGET = 16.4;
				MTL_ENABLE_DEBUG_INFO = INCLUDE_SOURCE;
				MTL_FAST_MATH = YES;
				ONLY_ACTIVE_ARCH = YES;
				SDKROOT = iphoneos;
				SWIFT_ACTIVE_COMPILATION_CONDITIONS = DEBUG;
				SWIFT_OPTIMIZATION_LEVEL = "-Onone";
			};
			name = Debug;
		};
		FF9C14052A8E82C600F8FC92 /* Release */ = {
			isa = XCBuildConfiguration;
			buildSettings = {
				ALWAYS_SEARCH_USER_PATHS = NO;
				CLANG_ANALYZER_NONNULL = YES;
				CLANG_ANALYZER_NUMBER_OBJECT_CONVERSION = YES_AGGRESSIVE;
				CLANG_CXX_LANGUAGE_STANDARD = "gnu++20";
				CLANG_ENABLE_MODULES = YES;
				CLANG_ENABLE_OBJC_ARC = YES;
				CLANG_ENABLE_OBJC_WEAK = YES;
				CLANG_WARN_BLOCK_CAPTURE_AUTORELEASING = YES;
				CLANG_WARN_BOOL_CONVERSION = YES;
				CLANG_WARN_COMMA = YES;
				CLANG_WARN_CONSTANT_CONVERSION = YES;
				CLANG_WARN_DEPRECATED_OBJC_IMPLEMENTATIONS = YES;
				CLANG_WARN_DIRECT_OBJC_ISA_USAGE = YES_ERROR;
				CLANG_WARN_DOCUMENTATION_COMMENTS = YES;
				CLANG_WARN_EMPTY_BODY = YES;
				CLANG_WARN_ENUM_CONVERSION = YES;
				CLANG_WARN_INFINITE_RECURSION = YES;
				CLANG_WARN_INT_CONVERSION = YES;
				CLANG_WARN_NON_LITERAL_NULL_CONVERSION = YES;
				CLANG_WARN_OBJC_IMPLICIT_RETAIN_SELF = YES;
				CLANG_WARN_OBJC_LITERAL_CONVERSION = YES;
				CLANG_WARN_OBJC_ROOT_CLASS = YES_ERROR;
				CLANG_WARN_QUOTED_INCLUDE_IN_FRAMEWORK_HEADER = YES;
				CLANG_WARN_RANGE_LOOP_ANALYSIS = YES;
				CLANG_WARN_STRICT_PROTOTYPES = YES;
				CLANG_WARN_SUSPICIOUS_MOVE = YES;
				CLANG_WARN_UNGUARDED_AVAILABILITY = YES_AGGRESSIVE;
				CLANG_WARN_UNREACHABLE_CODE = YES;
				CLANG_WARN__DUPLICATE_METHOD_MATCH = YES;
				COPY_PHASE_STRIP = NO;
				DEBUG_INFORMATION_FORMAT = "dwarf-with-dsym";
				ENABLE_NS_ASSERTIONS = NO;
				ENABLE_STRICT_OBJC_MSGSEND = YES;
				GCC_C_LANGUAGE_STANDARD = gnu11;
				GCC_NO_COMMON_BLOCKS = YES;
				GCC_WARN_64_TO_32_BIT_CONVERSION = YES;
				GCC_WARN_ABOUT_RETURN_TYPE = YES_ERROR;
				GCC_WARN_UNDECLARED_SELECTOR = YES;
				GCC_WARN_UNINITIALIZED_AUTOS = YES_AGGRESSIVE;
				GCC_WARN_UNUSED_FUNCTION = YES;
				GCC_WARN_UNUSED_VARIABLE = YES;
				IPHONEOS_DEPLOYMENT_TARGET = 16.4;
				MTL_ENABLE_DEBUG_INFO = NO;
				MTL_FAST_MATH = YES;
				SDKROOT = iphoneos;
				SWIFT_COMPILATION_MODE = wholemodule;
				SWIFT_OPTIMIZATION_LEVEL = "-O";
				VALIDATE_PRODUCT = YES;
			};
			name = Release;
		};
		FF9C14072A8E82C600F8FC92 /* Debug */ = {
			isa = XCBuildConfiguration;
			buildSettings = {
				ASSETCATALOG_COMPILER_APPICON_NAME = AppIcon;
				ASSETCATALOG_COMPILER_GLOBAL_ACCENT_COLOR_NAME = AccentColor;
				CODE_SIGN_STYLE = Automatic;
				CURRENT_PROJECT_VERSION = 1;
				DEVELOPMENT_ASSET_PATHS = "\"PlanYourDay/Preview Content\"";
				DEVELOPMENT_TEAM = B6G3Z7V38V;
				ENABLE_PREVIEWS = YES;
				GENERATE_INFOPLIST_FILE = YES;
				INFOPLIST_KEY_UIApplicationSceneManifest_Generation = YES;
				INFOPLIST_KEY_UIApplicationSupportsIndirectInputEvents = YES;
				INFOPLIST_KEY_UILaunchScreen_Generation = YES;
				INFOPLIST_KEY_UISupportedInterfaceOrientations_iPad = "UIInterfaceOrientationPortrait UIInterfaceOrientationPortraitUpsideDown UIInterfaceOrientationLandscapeLeft UIInterfaceOrientationLandscapeRight";
				INFOPLIST_KEY_UISupportedInterfaceOrientations_iPhone = "UIInterfaceOrientationPortrait UIInterfaceOrientationLandscapeLeft UIInterfaceOrientationLandscapeRight";
				LD_RUNPATH_SEARCH_PATHS = (
					"$(inherited)",
					"@executable_path/Frameworks",
				);
				MARKETING_VERSION = 1.0;
				PRODUCT_BUNDLE_IDENTIFIER = com.AmitRaj.PlanYourDay;
				PRODUCT_NAME = "$(TARGET_NAME)";
				SWIFT_EMIT_LOC_STRINGS = YES;
				SWIFT_VERSION = 5.0;
				TARGETED_DEVICE_FAMILY = "1,2";
			};
			name = Debug;
		};
		FF9C14082A8E82C600F8FC92 /* Release */ = {
			isa = XCBuildConfiguration;
			buildSettings = {
				ASSETCATALOG_COMPILER_APPICON_NAME = AppIcon;
				ASSETCATALOG_COMPILER_GLOBAL_ACCENT_COLOR_NAME = AccentColor;
				CODE_SIGN_STYLE = Automatic;
				CURRENT_PROJECT_VERSION = 1;
				DEVELOPMENT_ASSET_PATHS = "\"PlanYourDay/Preview Content\"";
				DEVELOPMENT_TEAM = B6G3Z7V38V;
				ENABLE_PREVIEWS = YES;
				GENERATE_INFOPLIST_FILE = YES;
				INFOPLIST_KEY_UIApplicationSceneManifest_Generation = YES;
				INFOPLIST_KEY_UIApplicationSupportsIndirectInputEvents = YES;
				INFOPLIST_KEY_UILaunchScreen_Generation = YES;
				INFOPLIST_KEY_UISupportedInterfaceOrientations_iPad = "UIInterfaceOrientationPortrait UIInterfaceOrientationPortraitUpsideDown UIInterfaceOrientationLandscapeLeft UIInterfaceOrientationLandscapeRight";
				INFOPLIST_KEY_UISupportedInterfaceOrientations_iPhone = "UIInterfaceOrientationPortrait UIInterfaceOrientationLandscapeLeft UIInterfaceOrientationLandscapeRight";
				LD_RUNPATH_SEARCH_PATHS = (
					"$(inherited)",
					"@executable_path/Frameworks",
				);
				MARKETING_VERSION = 1.0;
				PRODUCT_BUNDLE_IDENTIFIER = com.AmitRaj.PlanYourDay;
				PRODUCT_NAME = "$(TARGET_NAME)";
				SWIFT_EMIT_LOC_STRINGS = YES;
				SWIFT_VERSION = 5.0;
				TARGETED_DEVICE_FAMILY = "1,2";
			};
			name = Release;
		};
/* End XCBuildConfiguration section */

/* Begin XCConfigurationList section */
		FF9C13F32A8E82C500F8FC92 /* Build configuration list for PBXProject "PlanYourDay" */ = {
			isa = XCConfigurationList;
			buildConfigurations = (
				FF9C14042A8E82C600F8FC92 /* Debug */,
				FF9C14052A8E82C600F8FC92 /* Release */,
			);
			defaultConfigurationIsVisible = 0;
			defaultConfigurationName = Release;
		};
		FF9C14062A8E82C600F8FC92 /* Build configuration list for PBXNativeTarget "PlanYourDay" */ = {
			isa = XCConfigurationList;
			buildConfigurations = (
				FF9C14072A8E82C600F8FC92 /* Debug */,
				FF9C14082A8E82C600F8FC92 /* Release */,
			);
			defaultConfigurationIsVisible = 0;
			defaultConfigurationName = Release;
		};
/* End XCConfigurationList section */
	};
	rootObject = FF9C13F02A8E82C500F8FC92 /* Project object */;
}
